
Microsoft Visual Studio Solution File, Format Version 12.00
# Visual Studio Version 16
VisualStudioVersion = 16.0.31105.61
MinimumVisualStudioVersion = 10.0.40219.1
Project("{9A19103F-16F7-4668-BE54-9A1E7A4F7556}") = "ShadowMotionSwapper", "ShadowMotionSwapper\ShadowMotionSwapper.csproj", "{3EB247C8-20A1-4A9D-A84C-3AA620A894EB}"
EndProject
Project("{9A19103F-16F7-4668-BE54-9A1E7A4F7556}") = "MTPLib", "ShadowMTPSharp\MTPLib\MTPLib.csproj", "{DED1E482-1276-44BC-976B-056B5FBB78CF}"
EndProject
Global
	GlobalSection(SolutionConfigurationPlatforms) = preSolution
		Debug|Any CPU = Debug|Any CPU
		Release|Any CPU = Release|Any CPU
	EndGlobalSection
	GlobalSection(ProjectConfigurationPlatforms) = postSolution
		{3EB247C8-20A1-4A9D-A84C-3AA620A894EB}.Debug|Any CPU.ActiveCfg = Debug|Any CPU
		{3EB247C8-20A1-4A9D-A84C-3AA620A894EB}.Debug|Any CPU.Build.0 = Debug|Any CPU
		{3EB247C8-20A1-4A9D-A84C-3AA620A894EB}.Release|Any CPU.ActiveCfg = Release|Any CPU
		{3EB247C8-20A1-4A9D-A84C-3AA620A894EB}.Release|Any CPU.Build.0 = Release|Any CPU
		{DED1E482-1276-44BC-976B-056B5FBB78CF}.Debug|Any CPU.ActiveCfg = Debug|Any CPU
		{DED1E482-1276-44BC-976B-056B5FBB78CF}.Debug|Any CPU.Build.0 = Debug|Any CPU
		{DED1E482-1276-44BC-976B-056B5FBB78CF}.Release|Any CPU.ActiveCfg = Release|Any CPU
		{DED1E482-1276-44BC-976B-056B5FBB78CF}.Release|Any CPU.Build.0 = Release|Any CPU
	EndGlobalSection
	GlobalSection(SolutionProperties) = preSolution
		HideSolutionNode = FALSE
	EndGlobalSection
	GlobalSection(ExtensibilityGlobals) = postSolution
		SolutionGuid = {EDA923C3-D8F4-4B8F-BFF6-EB9B0822330C}
	EndGlobalSection
EndGlobal
